
Microsoft Visual Studio Solution File, Format Version 12.00
# Visual Studio Version 17
VisualStudioVersion = 17.4.33110.190
MinimumVisualStudioVersion = 10.0.40219.1
Project("{FAE04EC0-301F-11D3-BF4B-00C04F79EFBC}") = "LT.NET_project_cuoiki", "LT.NET_project_cuoiki\LT.NET_project_cuoiki.csproj", "{4051799F-53DF-4B59-B9D1-69A03F4D8428}"
EndProject
Global
	GlobalSection(SolutionConfigurationPlatforms) = preSolution
		Debug|Any CPU = Debug|Any CPU
		Release|Any CPU = Release|Any CPU
	EndGlobalSection
	GlobalSection(ProjectConfigurationPlatforms) = postSolution
		{4051799F-53DF-4B59-B9D1-69A03F4D8428}.Debug|Any CPU.ActiveCfg = Debug|Any CPU
		{4051799F-53DF-4B59-B9D1-69A03F4D8428}.Debug|Any CPU.Build.0 = Debug|Any CPU
		{4051799F-53DF-4B59-B9D1-69A03F4D8428}.Release|Any CPU.ActiveCfg = Release|Any CPU
		{4051799F-53DF-4B59-B9D1-69A03F4D8428}.Release|Any CPU.Build.0 = Release|Any CPU
	EndGlobalSection
	GlobalSection(SolutionProperties) = preSolution
		HideSolutionNode = FALSE
	EndGlobalSection
	GlobalSection(ExtensibilityGlobals) = postSolution
		SolutionGuid = {EFD0EF7A-CA76-4494-9678-9B5EC7FBFC0C}
	EndGlobalSection
EndGlobal
